
Microsoft Visual Studio Solution File, Format Version 12.00
# Visual Studio 15
VisualStudioVersion = 15.0.28307.271
MinimumVisualStudioVersion = 10.0.40219.1
Project("{FAE04EC0-301F-11D3-BF4B-00C04F79EFBC}") = "Hello World", "Hello World\Hello World.csproj", "{B7E0455C-1875-4C4F-98E9-33E7F3E6136C}"
EndProject
Global
	GlobalSection(SolutionConfigurationPlatforms) = preSolution
		Debug|Any CPU = Debug|Any CPU
		Release|Any CPU = Release|Any CPU
	EndGlobalSection
	GlobalSection(ProjectConfigurationPlatforms) = postSolution
		{B7E0455C-1875-4C4F-98E9-33E7F3E6136C}.Debug|Any CPU.ActiveCfg = Debug|Any CPU
		{B7E0455C-1875-4C4F-98E9-33E7F3E6136C}.Debug|Any CPU.Build.0 = Debug|Any CPU
		{B7E0455C-1875-4C4F-98E9-33E7F3E6136C}.Release|Any CPU.ActiveCfg = Release|Any CPU
		{B7E0455C-1875-4C4F-98E9-33E7F3E6136C}.Release|Any CPU.Build.0 = Release|Any CPU
	EndGlobalSection
	GlobalSection(SolutionProperties) = preSolution
		HideSolutionNode = FALSE
	EndGlobalSection
	GlobalSection(ExtensibilityGlobals) = postSolution
		SolutionGuid = {053D364E-1C8B-473A-B34F-5CE467A22D09}
	EndGlobalSection
EndGlobal
